// !$*UTF8*$!
{
	archiveVersion = 1;
	classes = {
	};
	objectVersion = 56;
	objects = {

/* Begin PBXBuildFile section */
		2F71EB9A2B5456FB001B992D /* TVShowsApp.swift in Sources */ = {isa = PBXBuildFile; fileRef = 2F71EB992B5456FB001B992D /* TVShowsApp.swift */; };
		2F71EB9C2B5456FB001B992D /* MainCoordinatorView.swift in Sources */ = {isa = PBXBuildFile; fileRef = 2F71EB9B2B5456FB001B992D /* MainCoordinatorView.swift */; };
		2F71EB9E2B5456FE001B992D /* Assets.xcassets in Resources */ = {isa = PBXBuildFile; fileRef = 2F71EB9D2B5456FE001B992D /* Assets.xcassets */; };
		2F71EBA12B5456FE001B992D /* Preview Assets.xcassets in Resources */ = {isa = PBXBuildFile; fileRef = 2F71EBA02B5456FE001B992D /* Preview Assets.xcassets */; };
		2F71EBAB2B5456FF001B992D /* TVShowsServiceTests.swift in Sources */ = {isa = PBXBuildFile; fileRef = 2F71EBAA2B5456FF001B992D /* TVShowsServiceTests.swift */; };
		2F71EBB52B5456FF001B992D /* TVShowsAppUITests.swift in Sources */ = {isa = PBXBuildFile; fileRef = 2F71EBB42B5456FF001B992D /* TVShowsAppUITests.swift */; };
		2F71EBB72B5456FF001B992D /* TVShowsAppUITestsLaunchTests.swift in Sources */ = {isa = PBXBuildFile; fileRef = 2F71EBB62B5456FF001B992D /* TVShowsAppUITestsLaunchTests.swift */; };
		2F71EBCD2B545EF4001B992D /* TVShowsServiceProtocol.swift in Sources */ = {isa = PBXBuildFile; fileRef = 2F71EBCC2B545EF4001B992D /* TVShowsServiceProtocol.swift */; };
		2F71EBCF2B545F1B001B992D /* TVShow.swift in Sources */ = {isa = PBXBuildFile; fileRef = 2F71EBCE2B545F1A001B992D /* TVShow.swift */; };
		2F71EBD22B546505001B992D /* TVShowsServiceMock.swift in Sources */ = {isa = PBXBuildFile; fileRef = 2F71EBD12B546505001B992D /* TVShowsServiceMock.swift */; };
		2F71EBD42B5465F6001B992D /* ApiServiceErrors.swift in Sources */ = {isa = PBXBuildFile; fileRef = 2F71EBD32B5465F6001B992D /* ApiServiceErrors.swift */; };
		2F71EBD62B546E70001B992D /* TVShowsService.swift in Sources */ = {isa = PBXBuildFile; fileRef = 2F71EBD52B546E70001B992D /* TVShowsService.swift */; };
		2F71EBD92B547168001B992D /* Endpoints.swift in Sources */ = {isa = PBXBuildFile; fileRef = 2F71EBD82B547168001B992D /* Endpoints.swift */; };
		2F71EBDC2B54AC19001B992D /* MainCoordinator.swift in Sources */ = {isa = PBXBuildFile; fileRef = 2F71EBDB2B54AC19001B992D /* MainCoordinator.swift */; };
		2F71EBDF2B54AE61001B992D /* TVShowsCoordinator.swift in Sources */ = {isa = PBXBuildFile; fileRef = 2F71EBDE2B54AE61001B992D /* TVShowsCoordinator.swift */; };
		2F71EBE12B54AE7A001B992D /* TVShowsCoordinatorView.swift in Sources */ = {isa = PBXBuildFile; fileRef = 2F71EBE02B54AE7A001B992D /* TVShowsCoordinatorView.swift */; };
		2F71EBE52B54B036001B992D /* TVShowsView.swift in Sources */ = {isa = PBXBuildFile; fileRef = 2F71EBE42B54B036001B992D /* TVShowsView.swift */; };
		2F71EBE72B54B04B001B992D /* TVShowsViewModel.swift in Sources */ = {isa = PBXBuildFile; fileRef = 2F71EBE62B54B04B001B992D /* TVShowsViewModel.swift */; };
		2F71EBE92B55D223001B992D /* TVShowsListView.swift in Sources */ = {isa = PBXBuildFile; fileRef = 2F71EBE82B55D223001B992D /* TVShowsListView.swift */; };
		2F71EBEB2B55D32D001B992D /* Colors.swift in Sources */ = {isa = PBXBuildFile; fileRef = 2F71EBEA2B55D32D001B992D /* Colors.swift */; };
		2F71EBED2B55D37B001B992D /* TVShowCard.swift in Sources */ = {isa = PBXBuildFile; fileRef = 2F71EBEC2B55D37B001B992D /* TVShowCard.swift */; };
		2F71EBEF2B55D40E001B992D /* LoadingView.swift in Sources */ = {isa = PBXBuildFile; fileRef = 2F71EBEE2B55D40E001B992D /* LoadingView.swift */; };
		2F71EBF12B55D4F7001B992D /* SearchingView.swift in Sources */ = {isa = PBXBuildFile; fileRef = 2F71EBF02B55D4F7001B992D /* SearchingView.swift */; };
		2FA445982B55DC8B00F561AF /* RankedTVShow.swift in Sources */ = {isa = PBXBuildFile; fileRef = 2FA445972B55DC8B00F561AF /* RankedTVShow.swift */; };
		2FA4459C2B55E67600F561AF /* SearchBar.swift in Sources */ = {isa = PBXBuildFile; fileRef = 2FA4459B2B55E67600F561AF /* SearchBar.swift */; };
		2FA4459F2B55E79B00F561AF /* View+HideKeyboard.swift in Sources */ = {isa = PBXBuildFile; fileRef = 2FA4459E2B55E79B00F561AF /* View+HideKeyboard.swift */; };
		2FA445A12B55F3D400F561AF /* DetailTVShowView.swift in Sources */ = {isa = PBXBuildFile; fileRef = 2FA445A02B55F3D400F561AF /* DetailTVShowView.swift */; };
		2FA445A32B55F45A00F561AF /* SummaryText.swift in Sources */ = {isa = PBXBuildFile; fileRef = 2FA445A22B55F45A00F561AF /* SummaryText.swift */; };
		2FA445A52B55F48300F561AF /* String+RemoveHTMLTags.swift in Sources */ = {isa = PBXBuildFile; fileRef = 2FA445A42B55F48300F561AF /* String+RemoveHTMLTags.swift */; };
/* End PBXBuildFile section */

/* Begin PBXContainerItemProxy section */
		2F71EBA72B5456FF001B992D /* PBXContainerItemProxy */ = {
			isa = PBXContainerItemProxy;
			containerPortal = 2F71EB8E2B5456FB001B992D /* Project object */;
			proxyType = 1;
			remoteGlobalIDString = 2F71EB952B5456FB001B992D;
			remoteInfo = TVShowsApp;
		};
		2F71EBB12B5456FF001B992D /* PBXContainerItemProxy */ = {
			isa = PBXContainerItemProxy;
			containerPortal = 2F71EB8E2B5456FB001B992D /* Project object */;
			proxyType = 1;
			remoteGlobalIDString = 2F71EB952B5456FB001B992D;
			remoteInfo = TVShowsApp;
		};
/* End PBXContainerItemProxy section */

/* Begin PBXFileReference section */
		2F71EB962B5456FB001B992D /* TVShowsApp.app */ = {isa = PBXFileReference; explicitFileType = wrapper.application; includeInIndex = 0; path = TVShowsApp.app; sourceTree = BUILT_PRODUCTS_DIR; };
		2F71EB992B5456FB001B992D /* TVShowsApp.swift */ = {isa = PBXFileReference; lastKnownFileType = sourcecode.swift; path = TVShowsApp.swift; sourceTree = "<group>"; };
		2F71EB9B2B5456FB001B992D /* MainCoordinatorView.swift */ = {isa = PBXFileReference; lastKnownFileType = sourcecode.swift; path = MainCoordinatorView.swift; sourceTree = "<group>"; };
		2F71EB9D2B5456FE001B992D /* Assets.xcassets */ = {isa = PBXFileReference; lastKnownFileType = folder.assetcatalog; path = Assets.xcassets; sourceTree = "<group>"; };
		2F71EBA02B5456FE001B992D /* Preview Assets.xcassets */ = {isa = PBXFileReference; lastKnownFileType = folder.assetcatalog; path = "Preview Assets.xcassets"; sourceTree = "<group>"; };
		2F71EBA62B5456FF001B992D /* TVShowsAppTests.xctest */ = {isa = PBXFileReference; explicitFileType = wrapper.cfbundle; includeInIndex = 0; path = TVShowsAppTests.xctest; sourceTree = BUILT_PRODUCTS_DIR; };
		2F71EBAA2B5456FF001B992D /* TVShowsServiceTests.swift */ = {isa = PBXFileReference; lastKnownFileType = sourcecode.swift; path = TVShowsServiceTests.swift; sourceTree = "<group>"; };
		2F71EBB02B5456FF001B992D /* TVShowsAppUITests.xctest */ = {isa = PBXFileReference; explicitFileType = wrapper.cfbundle; includeInIndex = 0; path = TVShowsAppUITests.xctest; sourceTree = BUILT_PRODUCTS_DIR; };
		2F71EBB42B5456FF001B992D /* TVShowsAppUITests.swift */ = {isa = PBXFileReference; lastKnownFileType = sourcecode.swift; path = TVShowsAppUITests.swift; sourceTree = "<group>"; };
		2F71EBB62B5456FF001B992D /* TVShowsAppUITestsLaunchTests.swift */ = {isa = PBXFileReference; lastKnownFileType = sourcecode.swift; path = TVShowsAppUITestsLaunchTests.swift; sourceTree = "<group>"; };
		2F71EBCC2B545EF4001B992D /* TVShowsServiceProtocol.swift */ = {isa = PBXFileReference; lastKnownFileType = sourcecode.swift; path = TVShowsServiceProtocol.swift; sourceTree = "<group>"; };
		2F71EBCE2B545F1A001B992D /* TVShow.swift */ = {isa = PBXFileReference; lastKnownFileType = sourcecode.swift; path = TVShow.swift; sourceTree = "<group>"; };
		2F71EBD12B546505001B992D /* TVShowsServiceMock.swift */ = {isa = PBXFileReference; lastKnownFileType = sourcecode.swift; path = TVShowsServiceMock.swift; sourceTree = "<group>"; };
		2F71EBD32B5465F6001B992D /* ApiServiceErrors.swift */ = {isa = PBXFileReference; lastKnownFileType = sourcecode.swift; path = ApiServiceErrors.swift; sourceTree = "<group>"; };
		2F71EBD52B546E70001B992D /* TVShowsService.swift */ = {isa = PBXFileReference; lastKnownFileType = sourcecode.swift; path = TVShowsService.swift; sourceTree = "<group>"; };
		2F71EBD82B547168001B992D /* Endpoints.swift */ = {isa = PBXFileReference; lastKnownFileType = sourcecode.swift; path = Endpoints.swift; sourceTree = "<group>"; };
		2F71EBDB2B54AC19001B992D /* MainCoordinator.swift */ = {isa = PBXFileReference; lastKnownFileType = sourcecode.swift; path = MainCoordinator.swift; sourceTree = "<group>"; };
		2F71EBDE2B54AE61001B992D /* TVShowsCoordinator.swift */ = {isa = PBXFileReference; lastKnownFileType = sourcecode.swift; path = TVShowsCoordinator.swift; sourceTree = "<group>"; };
		2F71EBE02B54AE7A001B992D /* TVShowsCoordinatorView.swift */ = {isa = PBXFileReference; lastKnownFileType = sourcecode.swift; path = TVShowsCoordinatorView.swift; sourceTree = "<group>"; };
		2F71EBE42B54B036001B992D /* TVShowsView.swift */ = {isa = PBXFileReference; lastKnownFileType = sourcecode.swift; path = TVShowsView.swift; sourceTree = "<group>"; };
		2F71EBE62B54B04B001B992D /* TVShowsViewModel.swift */ = {isa = PBXFileReference; lastKnownFileType = sourcecode.swift; path = TVShowsViewModel.swift; sourceTree = "<group>"; };
		2F71EBE82B55D223001B992D /* TVShowsListView.swift */ = {isa = PBXFileReference; lastKnownFileType = sourcecode.swift; path = TVShowsListView.swift; sourceTree = "<group>"; };
		2F71EBEA2B55D32D001B992D /* Colors.swift */ = {isa = PBXFileReference; lastKnownFileType = sourcecode.swift; path = Colors.swift; sourceTree = "<group>"; };
		2F71EBEC2B55D37B001B992D /* TVShowCard.swift */ = {isa = PBXFileReference; lastKnownFileType = sourcecode.swift; path = TVShowCard.swift; sourceTree = "<group>"; };
		2F71EBEE2B55D40E001B992D /* LoadingView.swift */ = {isa = PBXFileReference; lastKnownFileType = sourcecode.swift; path = LoadingView.swift; sourceTree = "<group>"; };
		2F71EBF02B55D4F7001B992D /* SearchingView.swift */ = {isa = PBXFileReference; lastKnownFileType = sourcecode.swift; path = SearchingView.swift; sourceTree = "<group>"; };
		2FA445972B55DC8B00F561AF /* RankedTVShow.swift */ = {isa = PBXFileReference; lastKnownFileType = sourcecode.swift; path = RankedTVShow.swift; sourceTree = "<group>"; };
		2FA4459B2B55E67600F561AF /* SearchBar.swift */ = {isa = PBXFileReference; lastKnownFileType = sourcecode.swift; path = SearchBar.swift; sourceTree = "<group>"; };
		2FA4459E2B55E79B00F561AF /* View+HideKeyboard.swift */ = {isa = PBXFileReference; lastKnownFileType = sourcecode.swift; path = "View+HideKeyboard.swift"; sourceTree = "<group>"; };
		2FA445A02B55F3D400F561AF /* DetailTVShowView.swift */ = {isa = PBXFileReference; lastKnownFileType = sourcecode.swift; path = DetailTVShowView.swift; sourceTree = "<group>"; };
		2FA445A22B55F45A00F561AF /* SummaryText.swift */ = {isa = PBXFileReference; lastKnownFileType = sourcecode.swift; path = SummaryText.swift; sourceTree = "<group>"; };
		2FA445A42B55F48300F561AF /* String+RemoveHTMLTags.swift */ = {isa = PBXFileReference; lastKnownFileType = sourcecode.swift; path = "String+RemoveHTMLTags.swift"; sourceTree = "<group>"; };
/* End PBXFileReference section */

/* Begin PBXFrameworksBuildPhase section */
		2F71EB932B5456FB001B992D /* Frameworks */ = {
			isa = PBXFrameworksBuildPhase;
			buildActionMask = 2147483647;
			files = (
			);
			runOnlyForDeploymentPostprocessing = 0;
		};
		2F71EBA32B5456FF001B992D /* Frameworks */ = {
			isa = PBXFrameworksBuildPhase;
			buildActionMask = 2147483647;
			files = (
			);
			runOnlyForDeploymentPostprocessing = 0;
		};
		2F71EBAD2B5456FF001B992D /* Frameworks */ = {
			isa = PBXFrameworksBuildPhase;
			buildActionMask = 2147483647;
			files = (
			);
			runOnlyForDeploymentPostprocessing = 0;
		};
/* End PBXFrameworksBuildPhase section */

/* Begin PBXGroup section */
		2F71EB8D2B5456FB001B992D = {
			isa = PBXGroup;
			children = (
				2F71EB982B5456FB001B992D /* TVShowsApp */,
				2F71EBA92B5456FF001B992D /* TVShowsAppTests */,
				2F71EBB32B5456FF001B992D /* TVShowsAppUITests */,
				2F71EB972B5456FB001B992D /* Products */,
			);
			sourceTree = "<group>";
		};
		2F71EB972B5456FB001B992D /* Products */ = {
			isa = PBXGroup;
			children = (
				2F71EB962B5456FB001B992D /* TVShowsApp.app */,
				2F71EBA62B5456FF001B992D /* TVShowsAppTests.xctest */,
				2F71EBB02B5456FF001B992D /* TVShowsAppUITests.xctest */,
			);
			name = Products;
			sourceTree = "<group>";
		};
		2F71EB982B5456FB001B992D /* TVShowsApp */ = {
			isa = PBXGroup;
			children = (
				2F71EB992B5456FB001B992D /* TVShowsApp.swift */,
				2F71EBC52B545D55001B992D /* Models */,
				2F71EBC62B545D61001B992D /* Views */,
				2F71EBC72B545D73001B992D /* Scenes */,
				2F71EBC82B545DA9001B992D /* Services */,
				2F71EBD72B547154001B992D /* Helpers */,
				2FA4459D2B55E77E00F561AF /* Extensions */,
				2F71EBC92B545DCE001B992D /* Resources */,
				2F71EB9F2B5456FE001B992D /* Preview Content */,
			);
			path = TVShowsApp;
			sourceTree = "<group>";
		};
		2F71EB9F2B5456FE001B992D /* Preview Content */ = {
			isa = PBXGroup;
			children = (
				2F71EBA02B5456FE001B992D /* Preview Assets.xcassets */,
			);
			path = "Preview Content";
			sourceTree = "<group>";
		};
		2F71EBA92B5456FF001B992D /* TVShowsAppTests */ = {
			isa = PBXGroup;
			children = (
				2F71EBD02B5464A3001B992D /* TVShows */,
			);
			path = TVShowsAppTests;
			sourceTree = "<group>";
		};
		2F71EBB32B5456FF001B992D /* TVShowsAppUITests */ = {
			isa = PBXGroup;
			children = (
				2F71EBB42B5456FF001B992D /* TVShowsAppUITests.swift */,
				2F71EBB62B5456FF001B992D /* TVShowsAppUITestsLaunchTests.swift */,
			);
			path = TVShowsAppUITests;
			sourceTree = "<group>";
		};
		2F71EBC52B545D55001B992D /* Models */ = {
			isa = PBXGroup;
			children = (
				2F71EBCE2B545F1A001B992D /* TVShow.swift */,
				2FA445972B55DC8B00F561AF /* RankedTVShow.swift */,
			);
			path = Models;
			sourceTree = "<group>";
		};
		2F71EBC62B545D61001B992D /* Views */ = {
			isa = PBXGroup;
			children = (
				2F71EBE82B55D223001B992D /* TVShowsListView.swift */,
				2F71EBEC2B55D37B001B992D /* TVShowCard.swift */,
				2F71EBEE2B55D40E001B992D /* LoadingView.swift */,
				2F71EBF02B55D4F7001B992D /* SearchingView.swift */,
				2FA4459B2B55E67600F561AF /* SearchBar.swift */,
				2FA445A02B55F3D400F561AF /* DetailTVShowView.swift */,
				2FA445A22B55F45A00F561AF /* SummaryText.swift */,
			);
			path = Views;
			sourceTree = "<group>";
		};
		2F71EBC72B545D73001B992D /* Scenes */ = {
			isa = PBXGroup;
			children = (
				2F71EBDA2B54ABEC001B992D /* MainCoordinator */,
				2F71EBDD2B54AE32001B992D /* TVShowsCoordinator */,
			);
			path = Scenes;
			sourceTree = "<group>";
		};
		2F71EBC82B545DA9001B992D /* Services */ = {
			isa = PBXGroup;
			children = (
				2F71EBCA2B545E3F001B992D /* APIServices */,
			);
			path = Services;
			sourceTree = "<group>";
		};
		2F71EBC92B545DCE001B992D /* Resources */ = {
			isa = PBXGroup;
			children = (
				2F71EB9D2B5456FE001B992D /* Assets.xcassets */,
			);
			path = Resources;
			sourceTree = "<group>";
		};
		2F71EBCA2B545E3F001B992D /* APIServices */ = {
			isa = PBXGroup;
			children = (
				2F71EBD32B5465F6001B992D /* ApiServiceErrors.swift */,
				2F71EBCB2B545EAC001B992D /* TVShows */,
			);
			path = APIServices;
			sourceTree = "<group>";
		};
		2F71EBCB2B545EAC001B992D /* TVShows */ = {
			isa = PBXGroup;
			children = (
				2F71EBCC2B545EF4001B992D /* TVShowsServiceProtocol.swift */,
				2F71EBD52B546E70001B992D /* TVShowsService.swift */,
			);
			path = TVShows;
			sourceTree = "<group>";
		};
		2F71EBD02B5464A3001B992D /* TVShows */ = {
			isa = PBXGroup;
			children = (
				2F71EBAA2B5456FF001B992D /* TVShowsServiceTests.swift */,
				2F71EBD12B546505001B992D /* TVShowsServiceMock.swift */,
			);
			path = TVShows;
			sourceTree = "<group>";
		};
		2F71EBD72B547154001B992D /* Helpers */ = {
			isa = PBXGroup;
			children = (
				2F71EBD82B547168001B992D /* Endpoints.swift */,
				2F71EBEA2B55D32D001B992D /* Colors.swift */,
			);
			path = Helpers;
			sourceTree = "<group>";
		};
		2F71EBDA2B54ABEC001B992D /* MainCoordinator */ = {
			isa = PBXGroup;
			children = (
				2F71EBDB2B54AC19001B992D /* MainCoordinator.swift */,
				2F71EB9B2B5456FB001B992D /* MainCoordinatorView.swift */,
			);
			path = MainCoordinator;
			sourceTree = "<group>";
		};
		2F71EBDD2B54AE32001B992D /* TVShowsCoordinator */ = {
			isa = PBXGroup;
			children = (
				2F71EBDE2B54AE61001B992D /* TVShowsCoordinator.swift */,
				2F71EBE02B54AE7A001B992D /* TVShowsCoordinatorView.swift */,
				2F71EBE32B54B012001B992D /* TVShows */,
			);
			path = TVShowsCoordinator;
			sourceTree = "<group>";
		};
		2F71EBE32B54B012001B992D /* TVShows */ = {
			isa = PBXGroup;
			children = (
				2F71EBE42B54B036001B992D /* TVShowsView.swift */,
				2F71EBE62B54B04B001B992D /* TVShowsViewModel.swift */,
			);
			path = TVShows;
			sourceTree = "<group>";
		};
		2FA4459D2B55E77E00F561AF /* Extensions */ = {
			isa = PBXGroup;
			children = (
				2FA4459E2B55E79B00F561AF /* View+HideKeyboard.swift */,
				2FA445A42B55F48300F561AF /* String+RemoveHTMLTags.swift */,
			);
			path = Extensions;
			sourceTree = "<group>";
		};
/* End PBXGroup section */

/* Begin PBXNativeTarget section */
		2F71EB952B5456FB001B992D /* TVShowsApp */ = {
			isa = PBXNativeTarget;
			buildConfigurationList = 2F71EBBA2B5456FF001B992D /* Build configuration list for PBXNativeTarget "TVShowsApp" */;
			buildPhases = (
				2F71EB922B5456FB001B992D /* Sources */,
				2F71EB932B5456FB001B992D /* Frameworks */,
				2F71EB942B5456FB001B992D /* Resources */,
				2F71EBC42B545B45001B992D /* ShellScript */,
			);
			buildRules = (
			);
			dependencies = (
			);
			name = TVShowsApp;
			productName = TVShowsApp;
			productReference = 2F71EB962B5456FB001B992D /* TVShowsApp.app */;
			productType = "com.apple.product-type.application";
		};
		2F71EBA52B5456FF001B992D /* TVShowsAppTests */ = {
			isa = PBXNativeTarget;
			buildConfigurationList = 2F71EBBD2B5456FF001B992D /* Build configuration list for PBXNativeTarget "TVShowsAppTests" */;
			buildPhases = (
				2F71EBA22B5456FF001B992D /* Sources */,
				2F71EBA32B5456FF001B992D /* Frameworks */,
				2F71EBA42B5456FF001B992D /* Resources */,
			);
			buildRules = (
			);
			dependencies = (
				2F71EBA82B5456FF001B992D /* PBXTargetDependency */,
			);
			name = TVShowsAppTests;
			productName = TVShowsAppTests;
			productReference = 2F71EBA62B5456FF001B992D /* TVShowsAppTests.xctest */;
			productType = "com.apple.product-type.bundle.unit-test";
		};
		2F71EBAF2B5456FF001B992D /* TVShowsAppUITests */ = {
			isa = PBXNativeTarget;
			buildConfigurationList = 2F71EBC02B5456FF001B992D /* Build configuration list for PBXNativeTarget "TVShowsAppUITests" */;
			buildPhases = (
				2F71EBAC2B5456FF001B992D /* Sources */,
				2F71EBAD2B5456FF001B992D /* Frameworks */,
				2F71EBAE2B5456FF001B992D /* Resources */,
			);
			buildRules = (
			);
			dependencies = (
				2F71EBB22B5456FF001B992D /* PBXTargetDependency */,
			);
			name = TVShowsAppUITests;
			productName = TVShowsAppUITests;
			productReference = 2F71EBB02B5456FF001B992D /* TVShowsAppUITests.xctest */;
			productType = "com.apple.product-type.bundle.ui-testing";
		};
/* End PBXNativeTarget section */

/* Begin PBXProject section */
		2F71EB8E2B5456FB001B992D /* Project object */ = {
			isa = PBXProject;
			attributes = {
				BuildIndependentTargetsInParallel = 1;
				LastSwiftUpdateCheck = 1430;
				LastUpgradeCheck = 1430;
				TargetAttributes = {
					2F71EB952B5456FB001B992D = {
						CreatedOnToolsVersion = 14.3.1;
					};
					2F71EBA52B5456FF001B992D = {
						CreatedOnToolsVersion = 14.3.1;
						TestTargetID = 2F71EB952B5456FB001B992D;
					};
					2F71EBAF2B5456FF001B992D = {
						CreatedOnToolsVersion = 14.3.1;
						TestTargetID = 2F71EB952B5456FB001B992D;
					};
				};
			};
			buildConfigurationList = 2F71EB912B5456FB001B992D /* Build configuration list for PBXProject "TVShowsApp" */;
			compatibilityVersion = "Xcode 14.0";
			developmentRegion = en;
			hasScannedForEncodings = 0;
			knownRegions = (
				en,
				Base,
			);
			mainGroup = 2F71EB8D2B5456FB001B992D;
			productRefGroup = 2F71EB972B5456FB001B992D /* Products */;
			projectDirPath = "";
			projectRoot = "";
			targets = (
				2F71EB952B5456FB001B992D /* TVShowsApp */,
				2F71EBA52B5456FF001B992D /* TVShowsAppTests */,
				2F71EBAF2B5456FF001B992D /* TVShowsAppUITests */,
			);
		};
/* End PBXProject section */

/* Begin PBXResourcesBuildPhase section */
		2F71EB942B5456FB001B992D /* Resources */ = {
			isa = PBXResourcesBuildPhase;
			buildActionMask = 2147483647;
			files = (
				2F71EBA12B5456FE001B992D /* Preview Assets.xcassets in Resources */,
				2F71EB9E2B5456FE001B992D /* Assets.xcassets in Resources */,
			);
			runOnlyForDeploymentPostprocessing = 0;
		};
		2F71EBA42B5456FF001B992D /* Resources */ = {
			isa = PBXResourcesBuildPhase;
			buildActionMask = 2147483647;
			files = (
			);
			runOnlyForDeploymentPostprocessing = 0;
		};
		2F71EBAE2B5456FF001B992D /* Resources */ = {
			isa = PBXResourcesBuildPhase;
			buildActionMask = 2147483647;
			files = (
			);
			runOnlyForDeploymentPostprocessing = 0;
		};
/* End PBXResourcesBuildPhase section */

/* Begin PBXShellScriptBuildPhase section */
		2F71EBC42B545B45001B992D /* ShellScript */ = {
			isa = PBXShellScriptBuildPhase;
			alwaysOutOfDate = 1;
			buildActionMask = 2147483647;
			files = (
			);
			inputFileListPaths = (
			);
			inputPaths = (
			);
			outputFileListPaths = (
			);
			outputPaths = (
			);
			runOnlyForDeploymentPostprocessing = 0;
			shellPath = /bin/sh;
			shellScript = "if [[ \"$(uname -m)\" == arm64 ]]; then\n    export PATH=\"/opt/homebrew/bin:$PATH\"\nfi\n\nif which swiftlint > /dev/null; then\n  swiftlint\nelse\n  echo \"warning: SwiftLint not installed, download from https://github.com/realm/SwiftLint\"\nfi\n\n";
		};
/* End PBXShellScriptBuildPhase section */

/* Begin PBXSourcesBuildPhase section */
		2F71EB922B5456FB001B992D /* Sources */ = {
			isa = PBXSourcesBuildPhase;
			buildActionMask = 2147483647;
			files = (
				2F71EB9C2B5456FB001B992D /* MainCoordinatorView.swift in Sources */,
				2F71EBE52B54B036001B992D /* TVShowsView.swift in Sources */,
				2F71EBDC2B54AC19001B992D /* MainCoordinator.swift in Sources */,
				2F71EBEB2B55D32D001B992D /* Colors.swift in Sources */,
				2F71EBCD2B545EF4001B992D /* TVShowsServiceProtocol.swift in Sources */,
				2F71EBEF2B55D40E001B992D /* LoadingView.swift in Sources */,
				2F71EBDF2B54AE61001B992D /* TVShowsCoordinator.swift in Sources */,
				2F71EBE12B54AE7A001B992D /* TVShowsCoordinatorView.swift in Sources */,
				2F71EBD42B5465F6001B992D /* ApiServiceErrors.swift in Sources */,
				2FA445982B55DC8B00F561AF /* RankedTVShow.swift in Sources */,
				2F71EBF12B55D4F7001B992D /* SearchingView.swift in Sources */,
				2FA445A32B55F45A00F561AF /* SummaryText.swift in Sources */,
				2FA445A12B55F3D400F561AF /* DetailTVShowView.swift in Sources */,
				2F71EBD92B547168001B992D /* Endpoints.swift in Sources */,
				2F71EBCF2B545F1B001B992D /* TVShow.swift in Sources */,
				2F71EBED2B55D37B001B992D /* TVShowCard.swift in Sources */,
				2F71EBE92B55D223001B992D /* TVShowsListView.swift in Sources */,
				2FA4459C2B55E67600F561AF /* SearchBar.swift in Sources */,
				2F71EBD62B546E70001B992D /* TVShowsService.swift in Sources */,
				2FA445A52B55F48300F561AF /* String+RemoveHTMLTags.swift in Sources */,
				2F71EB9A2B5456FB001B992D /* TVShowsApp.swift in Sources */,
				2F71EBE72B54B04B001B992D /* TVShowsViewModel.swift in Sources */,
				2FA4459F2B55E79B00F561AF /* View+HideKeyboard.swift in Sources */,
			);
			runOnlyForDeploymentPostprocessing = 0;
		};
		2F71EBA22B5456FF001B992D /* Sources */ = {
			isa = PBXSourcesBuildPhase;
			buildActionMask = 2147483647;
			files = (
				2F71EBD22B546505001B992D /* TVShowsServiceMock.swift in Sources */,
				2F71EBAB2B5456FF001B992D /* TVShowsServiceTests.swift in Sources */,
			);
			runOnlyForDeploymentPostprocessing = 0;
		};
		2F71EBAC2B5456FF001B992D /* Sources */ = {
			isa = PBXSourcesBuildPhase;
			buildActionMask = 2147483647;
			files = (
				2F71EBB52B5456FF001B992D /* TVShowsAppUITests.swift in Sources */,
				2F71EBB72B5456FF001B992D /* TVShowsAppUITestsLaunchTests.swift in Sources */,
			);
			runOnlyForDeploymentPostprocessing = 0;
		};
/* End PBXSourcesBuildPhase section */

/* Begin PBXTargetDependency section */
		2F71EBA82B5456FF001B992D /* PBXTargetDependency */ = {
			isa = PBXTargetDependency;
			target = 2F71EB952B5456FB001B992D /* TVShowsApp */;
			targetProxy = 2F71EBA72B5456FF001B992D /* PBXContainerItemProxy */;
		};
		2F71EBB22B5456FF001B992D /* PBXTargetDependency */ = {
			isa = PBXTargetDependency;
			target = 2F71EB952B5456FB001B992D /* TVShowsApp */;
			targetProxy = 2F71EBB12B5456FF001B992D /* PBXContainerItemProxy */;
		};
/* End PBXTargetDependency section */

/* Begin XCBuildConfiguration section */
		2F71EBB82B5456FF001B992D /* Debug */ = {
			isa = XCBuildConfiguration;
			buildSettings = {
				ALWAYS_SEARCH_USER_PATHS = NO;
				CLANG_ANALYZER_NONNULL = YES;
				CLANG_ANALYZER_NUMBER_OBJECT_CONVERSION = YES_AGGRESSIVE;
				CLANG_CXX_LANGUAGE_STANDARD = "gnu++20";
				CLANG_ENABLE_MODULES = YES;
				CLANG_ENABLE_OBJC_ARC = YES;
				CLANG_ENABLE_OBJC_WEAK = YES;
				CLANG_WARN_BLOCK_CAPTURE_AUTORELEASING = YES;
				CLANG_WARN_BOOL_CONVERSION = YES;
				CLANG_WARN_COMMA = YES;
				CLANG_WARN_CONSTANT_CONVERSION = YES;
				CLANG_WARN_DEPRECATED_OBJC_IMPLEMENTATIONS = YES;
				CLANG_WARN_DIRECT_OBJC_ISA_USAGE = YES_ERROR;
				CLANG_WARN_DOCUMENTATION_COMMENTS = YES;
				CLANG_WARN_EMPTY_BODY = YES;
				CLANG_WARN_ENUM_CONVERSION = YES;
				CLANG_WARN_INFINITE_RECURSION = YES;
				CLANG_WARN_INT_CONVERSION = YES;
				CLANG_WARN_NON_LITERAL_NULL_CONVERSION = YES;
				CLANG_WARN_OBJC_IMPLICIT_RETAIN_SELF = YES;
				CLANG_WARN_OBJC_LITERAL_CONVERSION = YES;
				CLANG_WARN_OBJC_ROOT_CLASS = YES_ERROR;
				CLANG_WARN_QUOTED_INCLUDE_IN_FRAMEWORK_HEADER = YES;
				CLANG_WARN_RANGE_LOOP_ANALYSIS = YES;
				CLANG_WARN_STRICT_PROTOTYPES = YES;
				CLANG_WARN_SUSPICIOUS_MOVE = YES;
				CLANG_WARN_UNGUARDED_AVAILABILITY = YES_AGGRESSIVE;
				CLANG_WARN_UNREACHABLE_CODE = YES;
				CLANG_WARN__DUPLICATE_METHOD_MATCH = YES;
				COPY_PHASE_STRIP = NO;
				DEBUG_INFORMATION_FORMAT = dwarf;
				ENABLE_STRICT_OBJC_MSGSEND = YES;
				ENABLE_TESTABILITY = YES;
				GCC_C_LANGUAGE_STANDARD = gnu11;
				GCC_DYNAMIC_NO_PIC = NO;
				GCC_NO_COMMON_BLOCKS = YES;
				GCC_OPTIMIZATION_LEVEL = 0;
				GCC_PREPROCESSOR_DEFINITIONS = (
					"DEBUG=1",
					"$(inherited)",
				);
				GCC_WARN_64_TO_32_BIT_CONVERSION = YES;
				GCC_WARN_ABOUT_RETURN_TYPE = YES_ERROR;
				GCC_WARN_UNDECLARED_SELECTOR = YES;
				GCC_WARN_UNINITIALIZED_AUTOS = YES_AGGRESSIVE;
				GCC_WARN_UNUSED_FUNCTION = YES;
				GCC_WARN_UNUSED_VARIABLE = YES;
				IPHONEOS_DEPLOYMENT_TARGET = 16.4;
				MTL_ENABLE_DEBUG_INFO = INCLUDE_SOURCE;
				MTL_FAST_MATH = YES;
				ONLY_ACTIVE_ARCH = YES;
				SDKROOT = iphoneos;
				SWIFT_ACTIVE_COMPILATION_CONDITIONS = DEBUG;
				SWIFT_OPTIMIZATION_LEVEL = "-Onone";
			};
			name = Debug;
		};
		2F71EBB92B5456FF001B992D /* Release */ = {
			isa = XCBuildConfiguration;
			buildSettings = {
				ALWAYS_SEARCH_USER_PATHS = NO;
				CLANG_ANALYZER_NONNULL = YES;
				CLANG_ANALYZER_NUMBER_OBJECT_CONVERSION = YES_AGGRESSIVE;
				CLANG_CXX_LANGUAGE_STANDARD = "gnu++20";
				CLANG_ENABLE_MODULES = YES;
				CLANG_ENABLE_OBJC_ARC = YES;
				CLANG_ENABLE_OBJC_WEAK = YES;
				CLANG_WARN_BLOCK_CAPTURE_AUTORELEASING = YES;
				CLANG_WARN_BOOL_CONVERSION = YES;
				CLANG_WARN_COMMA = YES;
				CLANG_WARN_CONSTANT_CONVERSION = YES;
				CLANG_WARN_DEPRECATED_OBJC_IMPLEMENTATIONS = YES;
				CLANG_WARN_DIRECT_OBJC_ISA_USAGE = YES_ERROR;
				CLANG_WARN_DOCUMENTATION_COMMENTS = YES;
				CLANG_WARN_EMPTY_BODY = YES;
				CLANG_WARN_ENUM_CONVERSION = YES;
				CLANG_WARN_INFINITE_RECURSION = YES;
				CLANG_WARN_INT_CONVERSION = YES;
				CLANG_WARN_NON_LITERAL_NULL_CONVERSION = YES;
				CLANG_WARN_OBJC_IMPLICIT_RETAIN_SELF = YES;
				CLANG_WARN_OBJC_LITERAL_CONVERSION = YES;
				CLANG_WARN_OBJC_ROOT_CLASS = YES_ERROR;
				CLANG_WARN_QUOTED_INCLUDE_IN_FRAMEWORK_HEADER = YES;
				CLANG_WARN_RANGE_LOOP_ANALYSIS = YES;
				CLANG_WARN_STRICT_PROTOTYPES = YES;
				CLANG_WARN_SUSPICIOUS_MOVE = YES;
				CLANG_WARN_UNGUARDED_AVAILABILITY = YES_AGGRESSIVE;
				CLANG_WARN_UNREACHABLE_CODE = YES;
				CLANG_WARN__DUPLICATE_METHOD_MATCH = YES;
				COPY_PHASE_STRIP = NO;
				DEBUG_INFORMATION_FORMAT = "dwarf-with-dsym";
				ENABLE_NS_ASSERTIONS = NO;
				ENABLE_STRICT_OBJC_MSGSEND = YES;
				GCC_C_LANGUAGE_STANDARD = gnu11;
				GCC_NO_COMMON_BLOCKS = YES;
				GCC_WARN_64_TO_32_BIT_CONVERSION = YES;
				GCC_WARN_ABOUT_RETURN_TYPE = YES_ERROR;
				GCC_WARN_UNDECLARED_SELECTOR = YES;
				GCC_WARN_UNINITIALIZED_AUTOS = YES_AGGRESSIVE;
				GCC_WARN_UNUSED_FUNCTION = YES;
				GCC_WARN_UNUSED_VARIABLE = YES;
				IPHONEOS_DEPLOYMENT_TARGET = 16.4;
				MTL_ENABLE_DEBUG_INFO = NO;
				MTL_FAST_MATH = YES;
				SDKROOT = iphoneos;
				SWIFT_COMPILATION_MODE = wholemodule;
				SWIFT_OPTIMIZATION_LEVEL = "-O";
				VALIDATE_PRODUCT = YES;
			};
			name = Release;
		};
		2F71EBBB2B5456FF001B992D /* Debug */ = {
			isa = XCBuildConfiguration;
			buildSettings = {
				ASSETCATALOG_COMPILER_APPICON_NAME = AppIcon;
				ASSETCATALOG_COMPILER_GLOBAL_ACCENT_COLOR_NAME = AccentColor;
				CODE_SIGN_STYLE = Automatic;
				CURRENT_PROJECT_VERSION = 1;
				DEVELOPMENT_ASSET_PATHS = "\"TVShowsApp/Preview Content\"";
				DEVELOPMENT_TEAM = 29CGD3CF6U;
				ENABLE_PREVIEWS = YES;
				GENERATE_INFOPLIST_FILE = YES;
				INFOPLIST_KEY_UIApplicationSceneManifest_Generation = YES;
				INFOPLIST_KEY_UIApplicationSupportsIndirectInputEvents = YES;
				INFOPLIST_KEY_UILaunchScreen_Generation = YES;
				INFOPLIST_KEY_UISupportedInterfaceOrientations_iPad = "UIInterfaceOrientationPortrait UIInterfaceOrientationPortraitUpsideDown UIInterfaceOrientationLandscapeLeft UIInterfaceOrientationLandscapeRight";
				INFOPLIST_KEY_UISupportedInterfaceOrientations_iPhone = "UIInterfaceOrientationPortrait UIInterfaceOrientationLandscapeLeft UIInterfaceOrientationLandscapeRight";
				IPHONEOS_DEPLOYMENT_TARGET = 16.0;
				LD_RUNPATH_SEARCH_PATHS = (
					"$(inherited)",
					"@executable_path/Frameworks",
				);
				MARKETING_VERSION = 1.0;
				PRODUCT_BUNDLE_IDENTIFIER = com.semissatto.TVShowsApp;
				PRODUCT_NAME = "$(TARGET_NAME)";
				SWIFT_EMIT_LOC_STRINGS = YES;
				SWIFT_VERSION = 5.0;
				TARGETED_DEVICE_FAMILY = "1,2";
			};
			name = Debug;
		};
		2F71EBBC2B5456FF001B992D /* Release */ = {
			isa = XCBuildConfiguration;
			buildSettings = {
				ASSETCATALOG_COMPILER_APPICON_NAME = AppIcon;
				ASSETCATALOG_COMPILER_GLOBAL_ACCENT_COLOR_NAME = AccentColor;
				CODE_SIGN_STYLE = Automatic;
				CURRENT_PROJECT_VERSION = 1;
				DEVELOPMENT_ASSET_PATHS = "\"TVShowsApp/Preview Content\"";
				DEVELOPMENT_TEAM = 29CGD3CF6U;
				ENABLE_PREVIEWS = YES;
				GENERATE_INFOPLIST_FILE = YES;
				INFOPLIST_KEY_UIApplicationSceneManifest_Generation = YES;
				INFOPLIST_KEY_UIApplicationSupportsIndirectInputEvents = YES;
				INFOPLIST_KEY_UILaunchScreen_Generation = YES;
				INFOPLIST_KEY_UISupportedInterfaceOrientations_iPad = "UIInterfaceOrientationPortrait UIInterfaceOrientationPortraitUpsideDown UIInterfaceOrientationLandscapeLeft UIInterfaceOrientationLandscapeRight";
				INFOPLIST_KEY_UISupportedInterfaceOrientations_iPhone = "UIInterfaceOrientationPortrait UIInterfaceOrientationLandscapeLeft UIInterfaceOrientationLandscapeRight";
				IPHONEOS_DEPLOYMENT_TARGET = 16.0;
				LD_RUNPATH_SEARCH_PATHS = (
					"$(inherited)",
					"@executable_path/Frameworks",
				);
				MARKETING_VERSION = 1.0;
				PRODUCT_BUNDLE_IDENTIFIER = com.semissatto.TVShowsApp;
				PRODUCT_NAME = "$(TARGET_NAME)";
				SWIFT_EMIT_LOC_STRINGS = YES;
				SWIFT_VERSION = 5.0;
				TARGETED_DEVICE_FAMILY = "1,2";
			};
			name = Release;
		};
		2F71EBBE2B5456FF001B992D /* Debug */ = {
			isa = XCBuildConfiguration;
			buildSettings = {
				ALWAYS_EMBED_SWIFT_STANDARD_LIBRARIES = YES;
				BUNDLE_LOADER = "$(TEST_HOST)";
				CODE_SIGN_STYLE = Automatic;
				CURRENT_PROJECT_VERSION = 1;
				DEVELOPMENT_TEAM = 29CGD3CF6U;
				GENERATE_INFOPLIST_FILE = YES;
				IPHONEOS_DEPLOYMENT_TARGET = 16.4;
				MARKETING_VERSION = 1.0;
				PRODUCT_BUNDLE_IDENTIFIER = com.semissatto.TVShowsAppTests;
				PRODUCT_NAME = "$(TARGET_NAME)";
				SWIFT_EMIT_LOC_STRINGS = NO;
				SWIFT_VERSION = 5.0;
				TARGETED_DEVICE_FAMILY = "1,2";
				TEST_HOST = "$(BUILT_PRODUCTS_DIR)/TVShowsApp.app/$(BUNDLE_EXECUTABLE_FOLDER_PATH)/TVShowsApp";
			};
			name = Debug;
		};
		2F71EBBF2B5456FF001B992D /* Release */ = {
			isa = XCBuildConfiguration;
			buildSettings = {
				ALWAYS_EMBED_SWIFT_STANDARD_LIBRARIES = YES;
				BUNDLE_LOADER = "$(TEST_HOST)";
				CODE_SIGN_STYLE = Automatic;
				CURRENT_PROJECT_VERSION = 1;
				DEVELOPMENT_TEAM = 29CGD3CF6U;
				GENERATE_INFOPLIST_FILE = YES;
				IPHONEOS_DEPLOYMENT_TARGET = 16.4;
				MARKETING_VERSION = 1.0;
				PRODUCT_BUNDLE_IDENTIFIER = com.semissatto.TVShowsAppTests;
				PRODUCT_NAME = "$(TARGET_NAME)";
				SWIFT_EMIT_LOC_STRINGS = NO;
				SWIFT_VERSION = 5.0;
				TARGETED_DEVICE_FAMILY = "1,2";
				TEST_HOST = "$(BUILT_PRODUCTS_DIR)/TVShowsApp.app/$(BUNDLE_EXECUTABLE_FOLDER_PATH)/TVShowsApp";
			};
			name = Release;
		};
		2F71EBC12B5456FF001B992D /* Debug */ = {
			isa = XCBuildConfiguration;
			buildSettings = {
				ALWAYS_EMBED_SWIFT_STANDARD_LIBRARIES = YES;
				CODE_SIGN_STYLE = Automatic;
				CURRENT_PROJECT_VERSION = 1;
				DEVELOPMENT_TEAM = 29CGD3CF6U;
				GENERATE_INFOPLIST_FILE = YES;
				MARKETING_VERSION = 1.0;
				PRODUCT_BUNDLE_IDENTIFIER = com.semissatto.TVShowsAppUITests;
				PRODUCT_NAME = "$(TARGET_NAME)";
				SWIFT_EMIT_LOC_STRINGS = NO;
				SWIFT_VERSION = 5.0;
				TARGETED_DEVICE_FAMILY = "1,2";
				TEST_TARGET_NAME = TVShowsApp;
			};
			name = Debug;
		};
		2F71EBC22B5456FF001B992D /* Release */ = {
			isa = XCBuildConfiguration;
			buildSettings = {
				ALWAYS_EMBED_SWIFT_STANDARD_LIBRARIES = YES;
				CODE_SIGN_STYLE = Automatic;
				CURRENT_PROJECT_VERSION = 1;
				DEVELOPMENT_TEAM = 29CGD3CF6U;
				GENERATE_INFOPLIST_FILE = YES;
				MARKETING_VERSION = 1.0;
				PRODUCT_BUNDLE_IDENTIFIER = com.semissatto.TVShowsAppUITests;
				PRODUCT_NAME = "$(TARGET_NAME)";
				SWIFT_EMIT_LOC_STRINGS = NO;
				SWIFT_VERSION = 5.0;
				TARGETED_DEVICE_FAMILY = "1,2";
				TEST_TARGET_NAME = TVShowsApp;
			};
			name = Release;
		};
/* End XCBuildConfiguration section */

/* Begin XCConfigurationList section */
		2F71EB912B5456FB001B992D /* Build configuration list for PBXProject "TVShowsApp" */ = {
			isa = XCConfigurationList;
			buildConfigurations = (
				2F71EBB82B5456FF001B992D /* Debug */,
				2F71EBB92B5456FF001B992D /* Release */,
			);
			defaultConfigurationIsVisible = 0;
			defaultConfigurationName = Release;
		};
		2F71EBBA2B5456FF001B992D /* Build configuration list for PBXNativeTarget "TVShowsApp" */ = {
			isa = XCConfigurationList;
			buildConfigurations = (
				2F71EBBB2B5456FF001B992D /* Debug */,
				2F71EBBC2B5456FF001B992D /* Release */,
			);
			defaultConfigurationIsVisible = 0;
			defaultConfigurationName = Release;
		};
		2F71EBBD2B5456FF001B992D /* Build configuration list for PBXNativeTarget "TVShowsAppTests" */ = {
			isa = XCConfigurationList;
			buildConfigurations = (
				2F71EBBE2B5456FF001B992D /* Debug */,
				2F71EBBF2B5456FF001B992D /* Release */,
			);
			defaultConfigurationIsVisible = 0;
			defaultConfigurationName = Release;
		};
		2F71EBC02B5456FF001B992D /* Build configuration list for PBXNativeTarget "TVShowsAppUITests" */ = {
			isa = XCConfigurationList;
			buildConfigurations = (
				2F71EBC12B5456FF001B992D /* Debug */,
				2F71EBC22B5456FF001B992D /* Release */,
			);
			defaultConfigurationIsVisible = 0;
			defaultConfigurationName = Release;
		};
/* End XCConfigurationList section */
	};
	rootObject = 2F71EB8E2B5456FB001B992D /* Project object */;
}
